
Microsoft Visual Studio Solution File, Format Version 12.00
# Visual Studio Version 16
VisualStudioVersion = 16.0.29613.14
MinimumVisualStudioVersion = 10.0.40219.1
Project("{FAE04EC0-301F-11D3-BF4B-00C04F79EFBC}") = "KonekaSelectionProgram", "KonekaSelectionProgram\KonekaSelectionProgram.csproj", "{B7B91001-B026-4916-AEAD-15493BAC9ECD}"
EndProject
Global
	GlobalSection(SolutionConfigurationPlatforms) = preSolution
		Debug|Any CPU = Debug|Any CPU
		Release|Any CPU = Release|Any CPU
	EndGlobalSection
	GlobalSection(ProjectConfigurationPlatforms) = postSolution
		{B7B91001-B026-4916-AEAD-15493BAC9ECD}.Debug|Any CPU.ActiveCfg = Debug|Any CPU
		{B7B91001-B026-4916-AEAD-15493BAC9ECD}.Debug|Any CPU.Build.0 = Debug|Any CPU
		{B7B91001-B026-4916-AEAD-15493BAC9ECD}.Release|Any CPU.ActiveCfg = Release|Any CPU
		{B7B91001-B026-4916-AEAD-15493BAC9ECD}.Release|Any CPU.Build.0 = Release|Any CPU
	EndGlobalSection
	GlobalSection(SolutionProperties) = preSolution
		HideSolutionNode = FALSE
	EndGlobalSection
	GlobalSection(ExtensibilityGlobals) = postSolution
		SolutionGuid = {761EAD94-160E-4663-9A5B-D5A31C08BFEB}
	EndGlobalSection
EndGlobal
